
Microsoft Visual Studio Solution File, Format Version 12.00
# Visual Studio Version 16
VisualStudioVersion = 16.0.31205.134
MinimumVisualStudioVersion = 10.0.40219.1
Project("{FAE04EC0-301F-11D3-BF4B-00C04F79EFBC}") = "my-books", "my-books\my-books.csproj", "{0AB09DF1-60BD-43D3-B350-CE7988DCF5B9}"
EndProject
Global
	GlobalSection(SolutionConfigurationPlatforms) = preSolution
		Debug|Any CPU = Debug|Any CPU
		Release|Any CPU = Release|Any CPU
	EndGlobalSection
	GlobalSection(ProjectConfigurationPlatforms) = postSolution
		{0AB09DF1-60BD-43D3-B350-CE7988DCF5B9}.Debug|Any CPU.ActiveCfg = Debug|Any CPU
		{0AB09DF1-60BD-43D3-B350-CE7988DCF5B9}.Debug|Any CPU.Build.0 = Debug|Any CPU
		{0AB09DF1-60BD-43D3-B350-CE7988DCF5B9}.Release|Any CPU.ActiveCfg = Release|Any CPU
		{0AB09DF1-60BD-43D3-B350-CE7988DCF5B9}.Release|Any CPU.Build.0 = Release|Any CPU
	EndGlobalSection
	GlobalSection(SolutionProperties) = preSolution
		HideSolutionNode = FALSE
	EndGlobalSection
	GlobalSection(ExtensibilityGlobals) = postSolution
		SolutionGuid = {D115FAC9-9408-4EB0-9CF3-8A1EE92B9A0B}
	EndGlobalSection
EndGlobal
